
Microsoft Visual Studio Solution File, Format Version 12.00
# Visual Studio Version 17
VisualStudioVersion = 17.5.33502.453
MinimumVisualStudioVersion = 10.0.40219.1
Project("{FAE04EC0-301F-11D3-BF4B-00C04F79EFBC}") = "POO_FabricaDeInstrumentos", "POO_FabricaDeInstrumentos\POO_FabricaDeInstrumentos.csproj", "{81CADACF-3986-4EE6-9C5A-AD6927AC04A6}"
EndProject
Global
	GlobalSection(SolutionConfigurationPlatforms) = preSolution
		Debug|Any CPU = Debug|Any CPU
		Release|Any CPU = Release|Any CPU
	EndGlobalSection
	GlobalSection(ProjectConfigurationPlatforms) = postSolution
		{81CADACF-3986-4EE6-9C5A-AD6927AC04A6}.Debug|Any CPU.ActiveCfg = Debug|Any CPU
		{81CADACF-3986-4EE6-9C5A-AD6927AC04A6}.Debug|Any CPU.Build.0 = Debug|Any CPU
		{81CADACF-3986-4EE6-9C5A-AD6927AC04A6}.Release|Any CPU.ActiveCfg = Release|Any CPU
		{81CADACF-3986-4EE6-9C5A-AD6927AC04A6}.Release|Any CPU.Build.0 = Release|Any CPU
	EndGlobalSection
	GlobalSection(SolutionProperties) = preSolution
		HideSolutionNode = FALSE
	EndGlobalSection
	GlobalSection(ExtensibilityGlobals) = postSolution
		SolutionGuid = {48A948CE-EA1D-4919-ADBA-ED9048C6BA6C}
	EndGlobalSection
EndGlobal
